// !$*UTF8*$!
{
	archiveVersion = 1;
	classes = {
	};
	objectVersion = 46;
	objects = {

/* Begin PBXBuildFile section */
		4C17527C15D91C4F004D0A35 /* 37x-Checkmark.png in Resources */ = {isa = PBXBuildFile; fileRef = 4C17527615D91C4F004D0A35 /* 37x-Checkmark.png */; };
		4C17527D15D91C4F004D0A35 /* 37x-Checkmark@2x.png in Resources */ = {isa = PBXBuildFile; fileRef = 4C17527715D91C4F004D0A35 /* 37x-Checkmark@2x.png */; };
		4C29BAB216E0423C006B2E41 /* cell.xib in Resources */ = {isa = PBXBuildFile; fileRef = 4C29BAB016E0423C006B2E41 /* cell.xib */; };
		4C29BAB316E0423C006B2E41 /* DetailView.xib in Resources */ = {isa = PBXBuildFile; fileRef = 4C29BAB116E0423C006B2E41 /* DetailView.xib */; };
		4C29BAB616E04246006B2E41 /* MainStoryboard.storyboard in Resources */ = {isa = PBXBuildFile; fileRef = 4C29BAB416E04246006B2E41 /* MainStoryboard.storyboard */; };
		4C29BAB716E043C0006B2E41 /* libCorePlot-CocoaTouch.a in Frameworks */ = {isa = PBXBuildFile; fileRef = 4CC784D216D46E5B0019B95C /* libCorePlot-CocoaTouch.a */; };
		4C361CE016EF1773007D760F /* LYFilterViewController.m in Sources */ = {isa = PBXBuildFile; fileRef = 4C361CDF16EF1772007D760F /* LYFilterViewController.m */; };
		4C54FBF816E9ED6700A0FAA1 /* Icon-72.png in Resources */ = {isa = PBXBuildFile; fileRef = 4C54FBF716E9ED6700A0FAA1 /* Icon-72.png */; };
		4C54FBFA16E9EDDD00A0FAA1 /* logo-144.png in Resources */ = {isa = PBXBuildFile; fileRef = 4C54FBF916E9EDDD00A0FAA1 /* logo-144.png */; };
		4C5F85AB16EAD57700D1592F /* Default-Portrait@2x~ipad.png in Resources */ = {isa = PBXBuildFile; fileRef = 4C5F85AA16EAD57700D1592F /* Default-Portrait@2x~ipad.png */; };
		4C5F85AD16EAD6F000D1592F /* Default-Portrait~ipad.png in Resources */ = {isa = PBXBuildFile; fileRef = 4C5F85AC16EAD6F000D1592F /* Default-Portrait~ipad.png */; };
		4C5F85AF16EADDE100D1592F /* Default-Landscape~ipad.png in Resources */ = {isa = PBXBuildFile; fileRef = 4C5F85AE16EADDE100D1592F /* Default-Landscape~ipad.png */; };
		4C5F85B116EADDE900D1592F /* Default-Landscape@2x~ipad.png in Resources */ = {isa = PBXBuildFile; fileRef = 4C5F85B016EADDE900D1592F /* Default-Landscape@2x~ipad.png */; };
		4C5F85B416ED8FFD00D1592F /* LYSegmentMsgMap.m in Sources */ = {isa = PBXBuildFile; fileRef = 4C5F85B316ED8FFD00D1592F /* LYSegmentMsgMap.m */; };
		4C5F85B716EDBD4800D1592F /* LYTabBarViewController.m in Sources */ = {isa = PBXBuildFile; fileRef = 4C5F85B616EDBD4800D1592F /* LYTabBarViewController.m */; };
		4C5F85BA16EDD4D400D1592F /* LYSettingViewController.m in Sources */ = {isa = PBXBuildFile; fileRef = 4C5F85B916EDD4D400D1592F /* LYSettingViewController.m */; };
		4C61891316DF47E6004FEE93 /* loginCell.xib in Resources */ = {isa = PBXBuildFile; fileRef = 4C61891216DF47E6004FEE93 /* loginCell.xib */; };
		4C61891516DF56B7004FEE93 /* libsqlite3.dylib in Frameworks */ = {isa = PBXBuildFile; fileRef = 4C61891416DF56B7004FEE93 /* libsqlite3.dylib */; };
		4C61894716E040C0004FEE93 /* LYAppDelegate.m in Sources */ = {isa = PBXBuildFile; fileRef = 4C61892816E040C0004FEE93 /* LYAppDelegate.m */; };
		4C61894816E040C0004FEE93 /* LYCellviewCell.m in Sources */ = {isa = PBXBuildFile; fileRef = 4C61892A16E040C0004FEE93 /* LYCellviewCell.m */; };
		4C61894916E040C0004FEE93 /* LYChannInfoViewController.m in Sources */ = {isa = PBXBuildFile; fileRef = 4C61892C16E040C0004FEE93 /* LYChannInfoViewController.m */; };
		4C61894A16E040C0004FEE93 /* LYChannViewController.m in Sources */ = {isa = PBXBuildFile; fileRef = 4C61892E16E040C0004FEE93 /* LYChannViewController.m */; };
		4C61894B16E040C0004FEE93 /* LYChartView.m in Sources */ = {isa = PBXBuildFile; fileRef = 4C61893016E040C0004FEE93 /* LYChartView.m */; };
		4C61894C16E040C0004FEE93 /* LYDetailViewController.m in Sources */ = {isa = PBXBuildFile; fileRef = 4C61893216E040C0004FEE93 /* LYDetailViewController.m */; };
		4C61894D16E040C0004FEE93 /* LYLoginCell.m in Sources */ = {isa = PBXBuildFile; fileRef = 4C61893416E040C0004FEE93 /* LYLoginCell.m */; };
		4C61894E16E040C0004FEE93 /* LYNVController.m in Sources */ = {isa = PBXBuildFile; fileRef = 4C61893616E040C0004FEE93 /* LYNVController.m */; };
		4C61894F16E040C0004FEE93 /* LyPlantViewController.m in Sources */ = {isa = PBXBuildFile; fileRef = 4C61893816E040C0004FEE93 /* LyPlantViewController.m */; };
		4C61895016E040C0004FEE93 /* LYSplashWindow.m in Sources */ = {isa = PBXBuildFile; fileRef = 4C61893A16E040C0004FEE93 /* LYSplashWindow.m */; };
		4C61895116E040C0004FEE93 /* LYViewController.m in Sources */ = {isa = PBXBuildFile; fileRef = 4C61893C16E040C0004FEE93 /* LYViewController.m */; };
		4C61895216E040C0004FEE93 /* LYWaveViewController.m in Sources */ = {isa = PBXBuildFile; fileRef = 4C61893E16E040C0004FEE93 /* LYWaveViewController.m */; };
		4C61895316E040C0004FEE93 /* main.m in Sources */ = {isa = PBXBuildFile; fileRef = 4C61893F16E040C0004FEE93 /* main.m */; };
		4C61895816E040DA004FEE93 /* LYGlobalSettings.m in Sources */ = {isa = PBXBuildFile; fileRef = 4C61895716E040DA004FEE93 /* LYGlobalSettings.m */; };
		4C61899F16E040F7004FEE93 /* NSObject+SBJSON.m in Sources */ = {isa = PBXBuildFile; fileRef = 4C61899416E040F7004FEE93 /* NSObject+SBJSON.m */; };
		4C6189A016E040F7004FEE93 /* NSString+SBJSON.m in Sources */ = {isa = PBXBuildFile; fileRef = 4C61899616E040F7004FEE93 /* NSString+SBJSON.m */; };
		4C6189A116E040F7004FEE93 /* SBJSON.m in Sources */ = {isa = PBXBuildFile; fileRef = 4C61899816E040F7004FEE93 /* SBJSON.m */; };
		4C6189A216E040F7004FEE93 /* SBJsonBase.m in Sources */ = {isa = PBXBuildFile; fileRef = 4C61899A16E040F7004FEE93 /* SBJsonBase.m */; };
		4C6189A316E040F7004FEE93 /* SBJsonParser.m in Sources */ = {isa = PBXBuildFile; fileRef = 4C61899C16E040F7004FEE93 /* SBJsonParser.m */; };
		4C6189A416E040F7004FEE93 /* SBJsonWriter.m in Sources */ = {isa = PBXBuildFile; fileRef = 4C61899E16E040F7004FEE93 /* SBJsonWriter.m */; };
		4C6189A816E04103004FEE93 /* EGORefreshTableHeaderView.m in Sources */ = {isa = PBXBuildFile; fileRef = 4C6189A716E04103004FEE93 /* EGORefreshTableHeaderView.m */; };
		4C9F98FE16F019D9004179FE /* LYUtility.m in Sources */ = {isa = PBXBuildFile; fileRef = 4C9F98FD16F019D9004179FE /* LYUtility.m */; };
		4C9F990116F0533B004179FE /* LYSelectItemViewController.m in Sources */ = {isa = PBXBuildFile; fileRef = 4C9F990016F0533B004179FE /* LYSelectItemViewController.m */; };
		4CC05B2916E048EA00521F78 /* MBProgressHUD.m in Sources */ = {isa = PBXBuildFile; fileRef = 4CC05B2816E048EA00521F78 /* MBProgressHUD.m */; };
		4CC7BB4216C228F600E78C3C /* Default-568h@2x.png in Resources */ = {isa = PBXBuildFile; fileRef = 4CC7BB4116C228F600E78C3C /* Default-568h@2x.png */; };
		4CCF789516DC5DD1001E6413 /* Icon.png in Resources */ = {isa = PBXBuildFile; fileRef = 4CCF789416DC5DD1001E6413 /* Icon.png */; };
		4CCF789716DC5DD5001E6413 /* Icon@2x.png in Resources */ = {isa = PBXBuildFile; fileRef = 4CCF789616DC5DD5001E6413 /* Icon@2x.png */; };
		A46A5878154FDF7400EDA973 /* blackArrow.png in Resources */ = {isa = PBXBuildFile; fileRef = A46A5870154FDF7400EDA973 /* blackArrow.png */; };
		A46A5879154FDF7400EDA973 /* blackArrow@2x.png in Resources */ = {isa = PBXBuildFile; fileRef = A46A5871154FDF7400EDA973 /* blackArrow@2x.png */; };
		A46A587A154FDF7400EDA973 /* blueArrow.png in Resources */ = {isa = PBXBuildFile; fileRef = A46A5872154FDF7400EDA973 /* blueArrow.png */; };
		A46A587B154FDF7400EDA973 /* blueArrow@2x.png in Resources */ = {isa = PBXBuildFile; fileRef = A46A5873154FDF7400EDA973 /* blueArrow@2x.png */; };
		A46A587C154FDF7400EDA973 /* grayArrow.png in Resources */ = {isa = PBXBuildFile; fileRef = A46A5874154FDF7400EDA973 /* grayArrow.png */; };
		A46A587D154FDF7400EDA973 /* grayArrow@2x.png in Resources */ = {isa = PBXBuildFile; fileRef = A46A5875154FDF7400EDA973 /* grayArrow@2x.png */; };
		A46A587E154FDF7400EDA973 /* whiteArrow.png in Resources */ = {isa = PBXBuildFile; fileRef = A46A5876154FDF7400EDA973 /* whiteArrow.png */; };
		A46A587F154FDF7400EDA973 /* whiteArrow@2x.png in Resources */ = {isa = PBXBuildFile; fileRef = A46A5877154FDF7400EDA973 /* whiteArrow@2x.png */; };
		A46A5881154FE07400EDA973 /* QuartzCore.framework in Frameworks */ = {isa = PBXBuildFile; fileRef = A46A5880154FE07400EDA973 /* QuartzCore.framework */; };
		A4AABB4A154EF6CF007647DC /* Default.png in Resources */ = {isa = PBXBuildFile; fileRef = A4AABB49154EF6CF007647DC /* Default.png */; };
		A4AABB4C154EF6D5007647DC /* Default@2x.png in Resources */ = {isa = PBXBuildFile; fileRef = A4AABB4B154EF6D5007647DC /* Default@2x.png */; };
		A4D1081F154ED4EC00E73642 /* UIKit.framework in Frameworks */ = {isa = PBXBuildFile; fileRef = A4D1081E154ED4EC00E73642 /* UIKit.framework */; };
		A4D10821154ED4EC00E73642 /* Foundation.framework in Frameworks */ = {isa = PBXBuildFile; fileRef = A4D10820154ED4EC00E73642 /* Foundation.framework */; };
		A4D10823154ED4EC00E73642 /* CoreGraphics.framework in Frameworks */ = {isa = PBXBuildFile; fileRef = A4D10822154ED4EC00E73642 /* CoreGraphics.framework */; };
		A4D1083D154ED4EC00E73642 /* SenTestingKit.framework in Frameworks */ = {isa = PBXBuildFile; fileRef = A4D1083C154ED4EC00E73642 /* SenTestingKit.framework */; };
		A4D1083E154ED4ED00E73642 /* UIKit.framework in Frameworks */ = {isa = PBXBuildFile; fileRef = A4D1081E154ED4EC00E73642 /* UIKit.framework */; };
		A4D1083F154ED4ED00E73642 /* Foundation.framework in Frameworks */ = {isa = PBXBuildFile; fileRef = A4D10820154ED4EC00E73642 /* Foundation.framework */; };
		A4D10847154ED4ED00E73642 /* InfoPlist.strings in Resources */ = {isa = PBXBuildFile; fileRef = A4D10845154ED4ED00E73642 /* InfoPlist.strings */; };
		A4D1084A154ED4ED00E73642 /* bhTests.m in Sources */ = {isa = PBXBuildFile; fileRef = A4D10849154ED4ED00E73642 /* bhTests.m */; };
/* End PBXBuildFile section */

/* Begin PBXContainerItemProxy section */
		A4D10840154ED4ED00E73642 /* PBXContainerItemProxy */ = {
			isa = PBXContainerItemProxy;
			containerPortal = A4D10811154ED4EC00E73642 /* Project object */;
			proxyType = 1;
			remoteGlobalIDString = A4D10819154ED4EC00E73642;
			remoteInfo = bh;
		};
/* End PBXContainerItemProxy section */

/* Begin PBXFileReference section */
		4C17527615D91C4F004D0A35 /* 37x-Checkmark.png */ = {isa = PBXFileReference; lastKnownFileType = image.png; path = "37x-Checkmark.png"; sourceTree = "<group>"; };
		4C17527715D91C4F004D0A35 /* 37x-Checkmark@2x.png */ = {isa = PBXFileReference; lastKnownFileType = image.png; path = "37x-Checkmark@2x.png"; sourceTree = "<group>"; };
		4C29BAB016E0423C006B2E41 /* cell.xib */ = {isa = PBXFileReference; fileEncoding = 4; lastKnownFileType = file.xib; path = cell.xib; sourceTree = "<group>"; };
		4C29BAB116E0423C006B2E41 /* DetailView.xib */ = {isa = PBXFileReference; fileEncoding = 4; lastKnownFileType = file.xib; path = DetailView.xib; sourceTree = "<group>"; };
		4C29BAB516E04246006B2E41 /* en */ = {isa = PBXFileReference; lastKnownFileType = file.storyboard; name = en; path = en.lproj/MainStoryboard.storyboard; sourceTree = "<group>"; };
		4C361CDE16EF1771007D760F /* LYFilterViewController.h */ = {isa = PBXFileReference; fileEncoding = 4; lastKnownFileType = sourcecode.c.h; path = LYFilterViewController.h; sourceTree = "<group>"; };
		4C361CDF16EF1772007D760F /* LYFilterViewController.m */ = {isa = PBXFileReference; fileEncoding = 4; lastKnownFileType = sourcecode.c.objc; path = LYFilterViewController.m; sourceTree = "<group>"; };
		4C54FBF716E9ED6700A0FAA1 /* Icon-72.png */ = {isa = PBXFileReference; lastKnownFileType = image.png; path = "Icon-72.png"; sourceTree = "<group>"; };
		4C54FBF916E9EDDD00A0FAA1 /* logo-144.png */ = {isa = PBXFileReference; lastKnownFileType = image.png; path = "logo-144.png"; sourceTree = "<group>"; };
		4C5F85AA16EAD57700D1592F /* Default-Portrait@2x~ipad.png */ = {isa = PBXFileReference; lastKnownFileType = image.png; path = "Default-Portrait@2x~ipad.png"; sourceTree = "<group>"; };
		4C5F85AC16EAD6F000D1592F /* Default-Portrait~ipad.png */ = {isa = PBXFileReference; lastKnownFileType = image.png; path = "Default-Portrait~ipad.png"; sourceTree = "<group>"; };
		4C5F85AE16EADDE100D1592F /* Default-Landscape~ipad.png */ = {isa = PBXFileReference; lastKnownFileType = image.png; path = "Default-Landscape~ipad.png"; sourceTree = "<group>"; };
		4C5F85B016EADDE900D1592F /* Default-Landscape@2x~ipad.png */ = {isa = PBXFileReference; lastKnownFileType = image.png; path = "Default-Landscape@2x~ipad.png"; sourceTree = "<group>"; };
		4C5F85B216ED8FFD00D1592F /* LYSegmentMsgMap.h */ = {isa = PBXFileReference; fileEncoding = 4; lastKnownFileType = sourcecode.c.h; path = LYSegmentMsgMap.h; sourceTree = "<group>"; };
		4C5F85B316ED8FFD00D1592F /* LYSegmentMsgMap.m */ = {isa = PBXFileReference; fileEncoding = 4; lastKnownFileType = sourcecode.c.objc; path = LYSegmentMsgMap.m; sourceTree = "<group>"; };
		4C5F85B516EDBD4700D1592F /* LYTabBarViewController.h */ = {isa = PBXFileReference; fileEncoding = 4; lastKnownFileType = sourcecode.c.h; path = LYTabBarViewController.h; sourceTree = "<group>"; };
		4C5F85B616EDBD4800D1592F /* LYTabBarViewController.m */ = {isa = PBXFileReference; fileEncoding = 4; lastKnownFileType = sourcecode.c.objc; path = LYTabBarViewController.m; sourceTree = "<group>"; };
		4C5F85B816EDD4D200D1592F /* LYSettingViewController.h */ = {isa = PBXFileReference; fileEncoding = 4; lastKnownFileType = sourcecode.c.h; path = LYSettingViewController.h; sourceTree = "<group>"; };
		4C5F85B916EDD4D400D1592F /* LYSettingViewController.m */ = {isa = PBXFileReference; fileEncoding = 4; lastKnownFileType = sourcecode.c.objc; path = LYSettingViewController.m; sourceTree = "<group>"; };
		4C61891216DF47E6004FEE93 /* loginCell.xib */ = {isa = PBXFileReference; fileEncoding = 4; lastKnownFileType = file.xib; path = loginCell.xib; sourceTree = "<group>"; };
		4C61891416DF56B7004FEE93 /* libsqlite3.dylib */ = {isa = PBXFileReference; lastKnownFileType = "compiled.mach-o.dylib"; name = libsqlite3.dylib; path = usr/lib/libsqlite3.dylib; sourceTree = SDKROOT; };
		4C61892116E040C0004FEE93 /* ChannInfo.h */ = {isa = PBXFileReference; fileEncoding = 4; lastKnownFileType = sourcecode.c.h; path = ChannInfo.h; sourceTree = "<group>"; };
		4C61892716E040C0004FEE93 /* LYAppDelegate.h */ = {isa = PBXFileReference; fileEncoding = 4; lastKnownFileType = sourcecode.c.h; path = LYAppDelegate.h; sourceTree = "<group>"; };
		4C61892816E040C0004FEE93 /* LYAppDelegate.m */ = {isa = PBXFileReference; fileEncoding = 4; lastKnownFileType = sourcecode.c.objc; path = LYAppDelegate.m; sourceTree = "<group>"; };
		4C61892916E040C0004FEE93 /* LYCellviewCell.h */ = {isa = PBXFileReference; fileEncoding = 4; lastKnownFileType = sourcecode.c.h; path = LYCellviewCell.h; sourceTree = "<group>"; };
		4C61892A16E040C0004FEE93 /* LYCellviewCell.m */ = {isa = PBXFileReference; fileEncoding = 4; lastKnownFileType = sourcecode.c.objc; path = LYCellviewCell.m; sourceTree = "<group>"; };
		4C61892B16E040C0004FEE93 /* LYChannInfoViewController.h */ = {isa = PBXFileReference; fileEncoding = 4; lastKnownFileType = sourcecode.c.h; path = LYChannInfoViewController.h; sourceTree = "<group>"; };
		4C61892C16E040C0004FEE93 /* LYChannInfoViewController.m */ = {isa = PBXFileReference; fileEncoding = 4; lastKnownFileType = sourcecode.c.objc; path = LYChannInfoViewController.m; sourceTree = "<group>"; };
		4C61892D16E040C0004FEE93 /* LYChannViewController.h */ = {isa = PBXFileReference; fileEncoding = 4; lastKnownFileType = sourcecode.c.h; path = LYChannViewController.h; sourceTree = "<group>"; };
		4C61892E16E040C0004FEE93 /* LYChannViewController.m */ = {isa = PBXFileReference; fileEncoding = 4; lastKnownFileType = sourcecode.c.objc; path = LYChannViewController.m; sourceTree = "<group>"; };
		4C61892F16E040C0004FEE93 /* LYChartView.h */ = {isa = PBXFileReference; fileEncoding = 4; lastKnownFileType = sourcecode.c.h; path = LYChartView.h; sourceTree = "<group>"; };
		4C61893016E040C0004FEE93 /* LYChartView.m */ = {isa = PBXFileReference; fileEncoding = 4; lastKnownFileType = sourcecode.c.objc; path = LYChartView.m; sourceTree = "<group>"; };
		4C61893116E040C0004FEE93 /* LYDetailViewController.h */ = {isa = PBXFileReference; fileEncoding = 4; lastKnownFileType = sourcecode.c.h; path = LYDetailViewController.h; sourceTree = "<group>"; };
		4C61893216E040C0004FEE93 /* LYDetailViewController.m */ = {isa = PBXFileReference; fileEncoding = 4; lastKnownFileType = sourcecode.c.objc; path = LYDetailViewController.m; sourceTree = "<group>"; };
		4C61893316E040C0004FEE93 /* LYLoginCell.h */ = {isa = PBXFileReference; fileEncoding = 4; lastKnownFileType = sourcecode.c.h; path = LYLoginCell.h; sourceTree = "<group>"; };
		4C61893416E040C0004FEE93 /* LYLoginCell.m */ = {isa = PBXFileReference; fileEncoding = 4; lastKnownFileType = sourcecode.c.objc; path = LYLoginCell.m; sourceTree = "<group>"; };
		4C61893516E040C0004FEE93 /* LYNVController.h */ = {isa = PBXFileReference; fileEncoding = 4; lastKnownFileType = sourcecode.c.h; path = LYNVController.h; sourceTree = "<group>"; };
		4C61893616E040C0004FEE93 /* LYNVController.m */ = {isa = PBXFileReference; fileEncoding = 4; lastKnownFileType = sourcecode.c.objc; path = LYNVController.m; sourceTree = "<group>"; };
		4C61893716E040C0004FEE93 /* LyPlantViewController.h */ = {isa = PBXFileReference; fileEncoding = 4; lastKnownFileType = sourcecode.c.h; path = LyPlantViewController.h; sourceTree = "<group>"; };
		4C61893816E040C0004FEE93 /* LyPlantViewController.m */ = {isa = PBXFileReference; fileEncoding = 4; lastKnownFileType = sourcecode.c.objc; path = LyPlantViewController.m; sourceTree = "<group>"; };
		4C61893916E040C0004FEE93 /* LYSplashWindow.h */ = {isa = PBXFileReference; fileEncoding = 4; lastKnownFileType = sourcecode.c.h; path = LYSplashWindow.h; sourceTree = "<group>"; };
		4C61893A16E040C0004FEE93 /* LYSplashWindow.m */ = {isa = PBXFileReference; fileEncoding = 4; lastKnownFileType = sourcecode.c.objc; path = LYSplashWindow.m; sourceTree = "<group>"; };
		4C61893B16E040C0004FEE93 /* LYViewController.h */ = {isa = PBXFileReference; fileEncoding = 4; lastKnownFileType = sourcecode.c.h; path = LYViewController.h; sourceTree = "<group>"; };
		4C61893C16E040C0004FEE93 /* LYViewController.m */ = {isa = PBXFileReference; fileEncoding = 4; lastKnownFileType = sourcecode.c.objc; path = LYViewController.m; sourceTree = "<group>"; };
		4C61893D16E040C0004FEE93 /* LYWaveViewController.h */ = {isa = PBXFileReference; fileEncoding = 4; lastKnownFileType = sourcecode.c.h; path = LYWaveViewController.h; sourceTree = "<group>"; };
		4C61893E16E040C0004FEE93 /* LYWaveViewController.m */ = {isa = PBXFileReference; fileEncoding = 4; lastKnownFileType = sourcecode.c.objc; path = LYWaveViewController.m; sourceTree = "<group>"; };
		4C61893F16E040C0004FEE93 /* main.m */ = {isa = PBXFileReference; fileEncoding = 4; lastKnownFileType = sourcecode.c.objc; path = main.m; sourceTree = "<group>"; };
		4C61895616E040DA004FEE93 /* LYGlobalSettings.h */ = {isa = PBXFileReference; fileEncoding = 4; lastKnownFileType = sourcecode.c.h; path = LYGlobalSettings.h; sourceTree = "<group>"; };
		4C61895716E040DA004FEE93 /* LYGlobalSettings.m */ = {isa = PBXFileReference; fileEncoding = 4; lastKnownFileType = sourcecode.c.objc; path = LYGlobalSettings.m; sourceTree = "<group>"; };
		4C61899216E040F7004FEE93 /* JSON.h */ = {isa = PBXFileReference; fileEncoding = 4; lastKnownFileType = sourcecode.c.h; path = JSON.h; sourceTree = "<group>"; };
		4C61899316E040F7004FEE93 /* NSObject+SBJSON.h */ = {isa = PBXFileReference; fileEncoding = 4; lastKnownFileType = sourcecode.c.h; path = "NSObject+SBJSON.h"; sourceTree = "<group>"; };
		4C61899416E040F7004FEE93 /* NSObject+SBJSON.m */ = {isa = PBXFileReference; fileEncoding = 4; lastKnownFileType = sourcecode.c.objc; path = "NSObject+SBJSON.m"; sourceTree = "<group>"; };
		4C61899516E040F7004FEE93 /* NSString+SBJSON.h */ = {isa = PBXFileReference; fileEncoding = 4; lastKnownFileType = sourcecode.c.h; path = "NSString+SBJSON.h"; sourceTree = "<group>"; };
		4C61899616E040F7004FEE93 /* NSString+SBJSON.m */ = {isa = PBXFileReference; fileEncoding = 4; lastKnownFileType = sourcecode.c.objc; path = "NSString+SBJSON.m"; sourceTree = "<group>"; };
		4C61899716E040F7004FEE93 /* SBJSON.h */ = {isa = PBXFileReference; fileEncoding = 4; lastKnownFileType = sourcecode.c.h; path = SBJSON.h; sourceTree = "<group>"; };
		4C61899816E040F7004FEE93 /* SBJSON.m */ = {isa = PBXFileReference; fileEncoding = 4; lastKnownFileType = sourcecode.c.objc; path = SBJSON.m; sourceTree = "<group>"; };
		4C61899916E040F7004FEE93 /* SBJsonBase.h */ = {isa = PBXFileReference; fileEncoding = 4; lastKnownFileType = sourcecode.c.h; path = SBJsonBase.h; sourceTree = "<group>"; };
		4C61899A16E040F7004FEE93 /* SBJsonBase.m */ = {isa = PBXFileReference; fileEncoding = 4; lastKnownFileType = sourcecode.c.objc; path = SBJsonBase.m; sourceTree = "<group>"; };
		4C61899B16E040F7004FEE93 /* SBJsonParser.h */ = {isa = PBXFileReference; fileEncoding = 4; lastKnownFileType = sourcecode.c.h; path = SBJsonParser.h; sourceTree = "<group>"; };
		4C61899C16E040F7004FEE93 /* SBJsonParser.m */ = {isa = PBXFileReference; fileEncoding = 4; lastKnownFileType = sourcecode.c.objc; path = SBJsonParser.m; sourceTree = "<group>"; };
		4C61899D16E040F7004FEE93 /* SBJsonWriter.h */ = {isa = PBXFileReference; fileEncoding = 4; lastKnownFileType = sourcecode.c.h; path = SBJsonWriter.h; sourceTree = "<group>"; };
		4C61899E16E040F7004FEE93 /* SBJsonWriter.m */ = {isa = PBXFileReference; fileEncoding = 4; lastKnownFileType = sourcecode.c.objc; path = SBJsonWriter.m; sourceTree = "<group>"; };
		4C6189A616E04103004FEE93 /* EGORefreshTableHeaderView.h */ = {isa = PBXFileReference; fileEncoding = 4; lastKnownFileType = sourcecode.c.h; path = EGORefreshTableHeaderView.h; sourceTree = "<group>"; };
		4C6189A716E04103004FEE93 /* EGORefreshTableHeaderView.m */ = {isa = PBXFileReference; fileEncoding = 4; lastKnownFileType = sourcecode.c.objc; path = EGORefreshTableHeaderView.m; sourceTree = "<group>"; };
		4C9F98FC16F019D9004179FE /* LYUtility.h */ = {isa = PBXFileReference; fileEncoding = 4; lastKnownFileType = sourcecode.c.h; path = LYUtility.h; sourceTree = "<group>"; };
		4C9F98FD16F019D9004179FE /* LYUtility.m */ = {isa = PBXFileReference; fileEncoding = 4; lastKnownFileType = sourcecode.c.objc; path = LYUtility.m; sourceTree = "<group>"; };
		4C9F98FF16F0533B004179FE /* LYSelectItemViewController.h */ = {isa = PBXFileReference; fileEncoding = 4; lastKnownFileType = sourcecode.c.h; path = LYSelectItemViewController.h; sourceTree = "<group>"; };
		4C9F990016F0533B004179FE /* LYSelectItemViewController.m */ = {isa = PBXFileReference; fileEncoding = 4; lastKnownFileType = sourcecode.c.objc; path = LYSelectItemViewController.m; sourceTree = "<group>"; };
		4CC05B2316E0467F00521F78 /* bh-Info.plist */ = {isa = PBXFileReference; fileEncoding = 4; lastKnownFileType = text.plist.xml; path = "bh-Info.plist"; sourceTree = "<group>"; };
		4CC05B2716E048EA00521F78 /* MBProgressHUD.h */ = {isa = PBXFileReference; fileEncoding = 4; lastKnownFileType = sourcecode.c.h; path = MBProgressHUD.h; sourceTree = "<group>"; };
		4CC05B2816E048EA00521F78 /* MBProgressHUD.m */ = {isa = PBXFileReference; fileEncoding = 4; lastKnownFileType = sourcecode.c.objc; path = MBProgressHUD.m; sourceTree = "<group>"; };
		4CC784D216D46E5B0019B95C /* libCorePlot-CocoaTouch.a */ = {isa = PBXFileReference; lastKnownFileType = archive.ar; name = "libCorePlot-CocoaTouch.a"; path = "lib/libCorePlot-CocoaTouch.a"; sourceTree = "<group>"; };
		4CC784D716D471190019B95C /* CorePlot-CocoaTouch.h */ = {isa = PBXFileReference; fileEncoding = 4; lastKnownFileType = sourcecode.c.h; path = "CorePlot-CocoaTouch.h"; sourceTree = "<group>"; };
		4CC784D816D471190019B95C /* CPTAnnotation.h */ = {isa = PBXFileReference; fileEncoding = 4; lastKnownFileType = sourcecode.c.h; path = CPTAnnotation.h; sourceTree = "<group>"; };
		4CC784D916D471190019B95C /* CPTAnnotationHostLayer.h */ = {isa = PBXFileReference; fileEncoding = 4; lastKnownFileType = sourcecode.c.h; path = CPTAnnotationHostLayer.h; sourceTree = "<group>"; };
		4CC784DA16D471190019B95C /* CPTAxis.h */ = {isa = PBXFileReference; fileEncoding = 4; lastKnownFileType = sourcecode.c.h; path = CPTAxis.h; sourceTree = "<group>"; };
		4CC784DB16D471190019B95C /* CPTAxisLabel.h */ = {isa = PBXFileReference; fileEncoding = 4; lastKnownFileType = sourcecode.c.h; path = CPTAxisLabel.h; sourceTree = "<group>"; };
		4CC784DC16D471190019B95C /* CPTAxisLabelGroup.h */ = {isa = PBXFileReference; fileEncoding = 4; lastKnownFileType = sourcecode.c.h; path = CPTAxisLabelGroup.h; sourceTree = "<group>"; };
		4CC784DD16D471190019B95C /* CPTAxisSet.h */ = {isa = PBXFileReference; fileEncoding = 4; lastKnownFileType = sourcecode.c.h; path = CPTAxisSet.h; sourceTree = "<group>"; };
		4CC784DE16D471190019B95C /* CPTAxisTitle.h */ = {isa = PBXFileReference; fileEncoding = 4; lastKnownFileType = sourcecode.c.h; path = CPTAxisTitle.h; sourceTree = "<group>"; };
		4CC784DF16D471190019B95C /* CPTBarPlot.h */ = {isa = PBXFileReference; fileEncoding = 4; lastKnownFileType = sourcecode.c.h; path = CPTBarPlot.h; sourceTree = "<group>"; };
		4CC784E016D471190019B95C /* CPTBorderedLayer.h */ = {isa = PBXFileReference; fileEncoding = 4; lastKnownFileType = sourcecode.c.h; path = CPTBorderedLayer.h; sourceTree = "<group>"; };
		4CC784E116D471190019B95C /* CPTCalendarFormatter.h */ = {isa = PBXFileReference; fileEncoding = 4; lastKnownFileType = sourcecode.c.h; path = CPTCalendarFormatter.h; sourceTree = "<group>"; };
		4CC784E216D471190019B95C /* CPTColor.h */ = {isa = PBXFileReference; fileEncoding = 4; lastKnownFileType = sourcecode.c.h; path = CPTColor.h; sourceTree = "<group>"; };
		4CC784E316D471190019B95C /* CPTColorSpace.h */ = {isa = PBXFileReference; fileEncoding = 4; lastKnownFileType = sourcecode.c.h; path = CPTColorSpace.h; sourceTree = "<group>"; };
		4CC784E416D471190019B95C /* CPTConstraints.h */ = {isa = PBXFileReference; fileEncoding = 4; lastKnownFileType = sourcecode.c.h; path = CPTConstraints.h; sourceTree = "<group>"; };
		4CC784E516D471190019B95C /* CPTDataSourceTestCase.h */ = {isa = PBXFileReference; fileEncoding = 4; lastKnownFileType = sourcecode.c.h; path = CPTDataSourceTestCase.h; sourceTree = "<group>"; };
		4CC784E616D471190019B95C /* CPTDefinitions.h */ = {isa = PBXFileReference; fileEncoding = 4; lastKnownFileType = sourcecode.c.h; path = CPTDefinitions.h; sourceTree = "<group>"; };
		4CC784E716D471190019B95C /* CPTDerivedXYGraph.h */ = {isa = PBXFileReference; fileEncoding = 4; lastKnownFileType = sourcecode.c.h; path = CPTDerivedXYGraph.h; sourceTree = "<group>"; };
		4CC784E816D471190019B95C /* CPTExceptions.h */ = {isa = PBXFileReference; fileEncoding = 4; lastKnownFileType = sourcecode.c.h; path = CPTExceptions.h; sourceTree = "<group>"; };
		4CC784E916D471190019B95C /* CPTFill.h */ = {isa = PBXFileReference; fileEncoding = 4; lastKnownFileType = sourcecode.c.h; path = CPTFill.h; sourceTree = "<group>"; };
		4CC784EA16D471190019B95C /* CPTGradient.h */ = {isa = PBXFileReference; fileEncoding = 4; lastKnownFileType = sourcecode.c.h; path = CPTGradient.h; sourceTree = "<group>"; };
		4CC784EB16D471190019B95C /* CPTGraph.h */ = {isa = PBXFileReference; fileEncoding = 4; lastKnownFileType = sourcecode.c.h; path = CPTGraph.h; sourceTree = "<group>"; };
		4CC784EC16D471190019B95C /* CPTGraphHostingView.h */ = {isa = PBXFileReference; fileEncoding = 4; lastKnownFileType = sourcecode.c.h; path = CPTGraphHostingView.h; sourceTree = "<group>"; };
		4CC784ED16D471190019B95C /* CPTGridLineGroup.h */ = {isa = PBXFileReference; fileEncoding = 4; lastKnownFileType = sourcecode.c.h; path = CPTGridLineGroup.h; sourceTree = "<group>"; };
		4CC784EE16D471190019B95C /* CPTGridLines.h */ = {isa = PBXFileReference; fileEncoding = 4; lastKnownFileType = sourcecode.c.h; path = CPTGridLines.h; sourceTree = "<group>"; };
		4CC784EF16D471190019B95C /* CPTImage.h */ = {isa = PBXFileReference; fileEncoding = 4; lastKnownFileType = sourcecode.c.h; path = CPTImage.h; sourceTree = "<group>"; };
		4CC784F016D471190019B95C /* CPTLayer.h */ = {isa = PBXFileReference; fileEncoding = 4; lastKnownFileType = sourcecode.c.h; path = CPTLayer.h; sourceTree = "<group>"; };
		4CC784F116D471190019B95C /* CPTLayerAnnotation.h */ = {isa = PBXFileReference; fileEncoding = 4; lastKnownFileType = sourcecode.c.h; path = CPTLayerAnnotation.h; sourceTree = "<group>"; };
		4CC784F216D471190019B95C /* CPTLegend.h */ = {isa = PBXFileReference; fileEncoding = 4; lastKnownFileType = sourcecode.c.h; path = CPTLegend.h; sourceTree = "<group>"; };
		4CC784F316D471190019B95C /* CPTLegendEntry.h */ = {isa = PBXFileReference; fileEncoding = 4; lastKnownFileType = sourcecode.c.h; path = CPTLegendEntry.h; sourceTree = "<group>"; };
		4CC784F416D471190019B95C /* CPTLimitBand.h */ = {isa = PBXFileReference; fileEncoding = 4; lastKnownFileType = sourcecode.c.h; path = CPTLimitBand.h; sourceTree = "<group>"; };
		4CC784F516D471190019B95C /* CPTLineCap.h */ = {isa = PBXFileReference; fileEncoding = 4; lastKnownFileType = sourcecode.c.h; path = CPTLineCap.h; sourceTree = "<group>"; };
		4CC784F616D471190019B95C /* CPTLineStyle.h */ = {isa = PBXFileReference; fileEncoding = 4; lastKnownFileType = sourcecode.c.h; path = CPTLineStyle.h; sourceTree = "<group>"; };
		4CC784F716D471190019B95C /* CPTMutableLineStyle.h */ = {isa = PBXFileReference; fileEncoding = 4; lastKnownFileType = sourcecode.c.h; path = CPTMutableLineStyle.h; sourceTree = "<group>"; };
		4CC784F816D471190019B95C /* CPTMutableNumericData+TypeConversion.h */ = {isa = PBXFileReference; fileEncoding = 4; lastKnownFileType = sourcecode.c.h; path = "CPTMutableNumericData+TypeConversion.h"; sourceTree = "<group>"; };
		4CC784F916D471190019B95C /* CPTMutableNumericData.h */ = {isa = PBXFileReference; fileEncoding = 4; lastKnownFileType = sourcecode.c.h; path = CPTMutableNumericData.h; sourceTree = "<group>"; };
		4CC784FA16D471190019B95C /* CPTMutablePlotRange.h */ = {isa = PBXFileReference; fileEncoding = 4; lastKnownFileType = sourcecode.c.h; path = CPTMutablePlotRange.h; sourceTree = "<group>"; };
		4CC784FB16D471190019B95C /* CPTMutableShadow.h */ = {isa = PBXFileReference; fileEncoding = 4; lastKnownFileType = sourcecode.c.h; path = CPTMutableShadow.h; sourceTree = "<group>"; };
		4CC784FC16D471190019B95C /* CPTMutableTextStyle.h */ = {isa = PBXFileReference; fileEncoding = 4; lastKnownFileType = sourcecode.c.h; path = CPTMutableTextStyle.h; sourceTree = "<group>"; };
		4CC784FD16D471190019B95C /* CPTNumericData+TypeConversion.h */ = {isa = PBXFileReference; fileEncoding = 4; lastKnownFileType = sourcecode.c.h; path = "CPTNumericData+TypeConversion.h"; sourceTree = "<group>"; };
		4CC784FE16D471190019B95C /* CPTNumericData.h */ = {isa = PBXFileReference; fileEncoding = 4; lastKnownFileType = sourcecode.c.h; path = CPTNumericData.h; sourceTree = "<group>"; };
		4CC784FF16D471190019B95C /* CPTNumericDataType.h */ = {isa = PBXFileReference; fileEncoding = 4; lastKnownFileType = sourcecode.c.h; path = CPTNumericDataType.h; sourceTree = "<group>"; };
		4CC7850016D471190019B95C /* CPTPathExtensions.h */ = {isa = PBXFileReference; fileEncoding = 4; lastKnownFileType = sourcecode.c.h; path = CPTPathExtensions.h; sourceTree = "<group>"; };
		4CC7850116D471190019B95C /* CPTPieChart.h */ = {isa = PBXFileReference; fileEncoding = 4; lastKnownFileType = sourcecode.c.h; path = CPTPieChart.h; sourceTree = "<group>"; };
		4CC7850216D471190019B95C /* CPTPlatformSpecificCategories.h */ = {isa = PBXFileReference; fileEncoding = 4; lastKnownFileType = sourcecode.c.h; path = CPTPlatformSpecificCategories.h; sourceTree = "<group>"; };
		4CC7850316D471190019B95C /* CPTPlatformSpecificDefines.h */ = {isa = PBXFileReference; fileEncoding = 4; lastKnownFileType = sourcecode.c.h; path = CPTPlatformSpecificDefines.h; sourceTree = "<group>"; };
		4CC7850416D471190019B95C /* CPTPlatformSpecificFunctions.h */ = {isa = PBXFileReference; fileEncoding = 4; lastKnownFileType = sourcecode.c.h; path = CPTPlatformSpecificFunctions.h; sourceTree = "<group>"; };
		4CC7850516D471190019B95C /* CPTPlot.h */ = {isa = PBXFileReference; fileEncoding = 4; lastKnownFileType = sourcecode.c.h; path = CPTPlot.h; sourceTree = "<group>"; };
		4CC7850616D471190019B95C /* CPTPlotArea.h */ = {isa = PBXFileReference; fileEncoding = 4; lastKnownFileType = sourcecode.c.h; path = CPTPlotArea.h; sourceTree = "<group>"; };
		4CC7850716D471190019B95C /* CPTPlotAreaFrame.h */ = {isa = PBXFileReference; fileEncoding = 4; lastKnownFileType = sourcecode.c.h; path = CPTPlotAreaFrame.h; sourceTree = "<group>"; };
		4CC7850816D471190019B95C /* CPTPlotGroup.h */ = {isa = PBXFileReference; fileEncoding = 4; lastKnownFileType = sourcecode.c.h; path = CPTPlotGroup.h; sourceTree = "<group>"; };
		4CC7850916D471190019B95C /* CPTPlotRange.h */ = {isa = PBXFileReference; fileEncoding = 4; lastKnownFileType = sourcecode.c.h; path = CPTPlotRange.h; sourceTree = "<group>"; };
		4CC7850A16D471190019B95C /* CPTPlotSpace.h */ = {isa = PBXFileReference; fileEncoding = 4; lastKnownFileType = sourcecode.c.h; path = CPTPlotSpace.h; sourceTree = "<group>"; };
		4CC7850B16D471190019B95C /* CPTPlotSpaceAnnotation.h */ = {isa = PBXFileReference; fileEncoding = 4; lastKnownFileType = sourcecode.c.h; path = CPTPlotSpaceAnnotation.h; sourceTree = "<group>"; };
		4CC7850C16D471190019B95C /* CPTPlotSymbol.h */ = {isa = PBXFileReference; fileEncoding = 4; lastKnownFileType = sourcecode.c.h; path = CPTPlotSymbol.h; sourceTree = "<group>"; };
		4CC7850D16D471190019B95C /* CPTRangePlot.h */ = {isa = PBXFileReference; fileEncoding = 4; lastKnownFileType = sourcecode.c.h; path = CPTRangePlot.h; sourceTree = "<group>"; };
		4CC7850E16D471190019B95C /* CPTResponder.h */ = {isa = PBXFileReference; fileEncoding = 4; lastKnownFileType = sourcecode.c.h; path = CPTResponder.h; sourceTree = "<group>"; };
		4CC7850F16D471190019B95C /* CPTScatterPlot.h */ = {isa = PBXFileReference; fileEncoding = 4; lastKnownFileType = sourcecode.c.h; path = CPTScatterPlot.h; sourceTree = "<group>"; };
		4CC7851016D471190019B95C /* CPTShadow.h */ = {isa = PBXFileReference; fileEncoding = 4; lastKnownFileType = sourcecode.c.h; path = CPTShadow.h; sourceTree = "<group>"; };
		4CC7851116D471190019B95C /* CPTTestCase.h */ = {isa = PBXFileReference; fileEncoding = 4; lastKnownFileType = sourcecode.c.h; path = CPTTestCase.h; sourceTree = "<group>"; };
		4CC7851216D471190019B95C /* CPTTextLayer.h */ = {isa = PBXFileReference; fileEncoding = 4; lastKnownFileType = sourcecode.c.h; path = CPTTextLayer.h; sourceTree = "<group>"; };
		4CC7851316D471190019B95C /* CPTTextStyle.h */ = {isa = PBXFileReference; fileEncoding = 4; lastKnownFileType = sourcecode.c.h; path = CPTTextStyle.h; sourceTree = "<group>"; };
		4CC7851416D471190019B95C /* CPTTextStylePlatformSpecific.h */ = {isa = PBXFileReference; fileEncoding = 4; lastKnownFileType = sourcecode.c.h; path = CPTTextStylePlatformSpecific.h; sourceTree = "<group>"; };
		4CC7851516D471190019B95C /* CPTTheme.h */ = {isa = PBXFileReference; fileEncoding = 4; lastKnownFileType = sourcecode.c.h; path = CPTTheme.h; sourceTree = "<group>"; };
		4CC7851616D471190019B95C /* CPTTimeFormatter.h */ = {isa = PBXFileReference; fileEncoding = 4; lastKnownFileType = sourcecode.c.h; path = CPTTimeFormatter.h; sourceTree = "<group>"; };
		4CC7851716D471190019B95C /* CPTTradingRangePlot.h */ = {isa = PBXFileReference; fileEncoding = 4; lastKnownFileType = sourcecode.c.h; path = CPTTradingRangePlot.h; sourceTree = "<group>"; };
		4CC7851816D471190019B95C /* CPTUtilities.h */ = {isa = PBXFileReference; fileEncoding = 4; lastKnownFileType = sourcecode.c.h; path = CPTUtilities.h; sourceTree = "<group>"; };
		4CC7851916D471190019B95C /* CPTXYAxis.h */ = {isa = PBXFileReference; fileEncoding = 4; lastKnownFileType = sourcecode.c.h; path = CPTXYAxis.h; sourceTree = "<group>"; };
		4CC7851A16D471190019B95C /* CPTXYAxisSet.h */ = {isa = PBXFileReference; fileEncoding = 4; lastKnownFileType = sourcecode.c.h; path = CPTXYAxisSet.h; sourceTree = "<group>"; };
		4CC7851B16D471190019B95C /* CPTXYGraph.h */ = {isa = PBXFileReference; fileEncoding = 4; lastKnownFileType = sourcecode.c.h; path = CPTXYGraph.h; sourceTree = "<group>"; };
		4CC7851C16D471190019B95C /* CPTXYPlotSpace.h */ = {isa = PBXFileReference; fileEncoding = 4; lastKnownFileType = sourcecode.c.h; path = CPTXYPlotSpace.h; sourceTree = "<group>"; };
		4CC7851D16D471190019B95C /* mainpage.h */ = {isa = PBXFileReference; fileEncoding = 4; lastKnownFileType = sourcecode.c.h; path = mainpage.h; sourceTree = "<group>"; };
		4CC7851E16D471190019B95C /* NSCoderExtensions.h */ = {isa = PBXFileReference; fileEncoding = 4; lastKnownFileType = sourcecode.c.h; path = NSCoderExtensions.h; sourceTree = "<group>"; };
		4CC7851F16D471190019B95C /* NSDecimalNumberExtensions.h */ = {isa = PBXFileReference; fileEncoding = 4; lastKnownFileType = sourcecode.c.h; path = NSDecimalNumberExtensions.h; sourceTree = "<group>"; };
		4CC7852016D471190019B95C /* NSNumberExtensions.h */ = {isa = PBXFileReference; fileEncoding = 4; lastKnownFileType = sourcecode.c.h; path = NSNumberExtensions.h; sourceTree = "<group>"; };
		4CC7BB4116C228F600E78C3C /* Default-568h@2x.png */ = {isa = PBXFileReference; lastKnownFileType = image.png; name = "Default-568h@2x.png"; path = "../Default-568h@2x.png"; sourceTree = "<group>"; };
		4CCF789416DC5DD1001E6413 /* Icon.png */ = {isa = PBXFileReference; lastKnownFileType = image.png; path = Icon.png; sourceTree = "<group>"; };
		4CCF789616DC5DD5001E6413 /* Icon@2x.png */ = {isa = PBXFileReference; lastKnownFileType = image.png; path = "Icon@2x.png"; sourceTree = "<group>"; };
		A46A5870154FDF7400EDA973 /* blackArrow.png */ = {isa = PBXFileReference; lastKnownFileType = image.png; path = blackArrow.png; sourceTree = "<group>"; };
		A46A5871154FDF7400EDA973 /* blackArrow@2x.png */ = {isa = PBXFileReference; lastKnownFileType = image.png; path = "blackArrow@2x.png"; sourceTree = "<group>"; };
		A46A5872154FDF7400EDA973 /* blueArrow.png */ = {isa = PBXFileReference; lastKnownFileType = image.png; path = blueArrow.png; sourceTree = "<group>"; };
		A46A5873154FDF7400EDA973 /* blueArrow@2x.png */ = {isa = PBXFileReference; lastKnownFileType = image.png; path = "blueArrow@2x.png"; sourceTree = "<group>"; };
		A46A5874154FDF7400EDA973 /* grayArrow.png */ = {isa = PBXFileReference; lastKnownFileType = image.png; path = grayArrow.png; sourceTree = "<group>"; };
		A46A5875154FDF7400EDA973 /* grayArrow@2x.png */ = {isa = PBXFileReference; lastKnownFileType = image.png; path = "grayArrow@2x.png"; sourceTree = "<group>"; };
		A46A5876154FDF7400EDA973 /* whiteArrow.png */ = {isa = PBXFileReference; lastKnownFileType = image.png; path = whiteArrow.png; sourceTree = "<group>"; };
		A46A5877154FDF7400EDA973 /* whiteArrow@2x.png */ = {isa = PBXFileReference; lastKnownFileType = image.png; path = "whiteArrow@2x.png"; sourceTree = "<group>"; };
		A46A5880154FE07400EDA973 /* QuartzCore.framework */ = {isa = PBXFileReference; lastKnownFileType = wrapper.framework; name = QuartzCore.framework; path = System/Library/Frameworks/QuartzCore.framework; sourceTree = SDKROOT; };
		A4AABB49154EF6CF007647DC /* Default.png */ = {isa = PBXFileReference; lastKnownFileType = image.png; name = Default.png; path = ../Default.png; sourceTree = "<group>"; };
		A4AABB4B154EF6D5007647DC /* Default@2x.png */ = {isa = PBXFileReference; lastKnownFileType = image.png; name = "Default@2x.png"; path = "../Default@2x.png"; sourceTree = "<group>"; };
		A4D1081A154ED4EC00E73642 /* BH.app */ = {isa = PBXFileReference; explicitFileType = wrapper.application; includeInIndex = 0; path = BH.app; sourceTree = BUILT_PRODUCTS_DIR; };
		A4D1081E154ED4EC00E73642 /* UIKit.framework */ = {isa = PBXFileReference; lastKnownFileType = wrapper.framework; name = UIKit.framework; path = System/Library/Frameworks/UIKit.framework; sourceTree = SDKROOT; };
		A4D10820154ED4EC00E73642 /* Foundation.framework */ = {isa = PBXFileReference; lastKnownFileType = wrapper.framework; name = Foundation.framework; path = System/Library/Frameworks/Foundation.framework; sourceTree = SDKROOT; };
		A4D10822154ED4EC00E73642 /* CoreGraphics.framework */ = {isa = PBXFileReference; lastKnownFileType = wrapper.framework; name = CoreGraphics.framework; path = System/Library/Frameworks/CoreGraphics.framework; sourceTree = SDKROOT; };
		A4D1083B154ED4EC00E73642 /* bhTests.octest */ = {isa = PBXFileReference; explicitFileType = wrapper.cfbundle; includeInIndex = 0; path = bhTests.octest; sourceTree = BUILT_PRODUCTS_DIR; };
		A4D1083C154ED4EC00E73642 /* SenTestingKit.framework */ = {isa = PBXFileReference; lastKnownFileType = wrapper.framework; name = SenTestingKit.framework; path = Library/Frameworks/SenTestingKit.framework; sourceTree = DEVELOPER_DIR; };
		A4D10844154ED4ED00E73642 /* bhTests-Info.plist */ = {isa = PBXFileReference; lastKnownFileType = text.plist.xml; path = "bhTests-Info.plist"; sourceTree = "<group>"; };
		A4D10846154ED4ED00E73642 /* en */ = {isa = PBXFileReference; lastKnownFileType = text.plist.strings; name = en; path = en.lproj/InfoPlist.strings; sourceTree = "<group>"; };
		A4D10848154ED4ED00E73642 /* bhTests.h */ = {isa = PBXFileReference; lastKnownFileType = sourcecode.c.h; path = bhTests.h; sourceTree = "<group>"; };
		A4D10849154ED4ED00E73642 /* bhTests.m */ = {isa = PBXFileReference; lastKnownFileType = sourcecode.c.objc; path = bhTests.m; sourceTree = "<group>"; };
/* End PBXFileReference section */

/* Begin PBXFrameworksBuildPhase section */
		A4D10817154ED4EC00E73642 /* Frameworks */ = {
			isa = PBXFrameworksBuildPhase;
			buildActionMask = 2147483647;
			files = (
				4C29BAB716E043C0006B2E41 /* libCorePlot-CocoaTouch.a in Frameworks */,
				4C61891516DF56B7004FEE93 /* libsqlite3.dylib in Frameworks */,
				A46A5881154FE07400EDA973 /* QuartzCore.framework in Frameworks */,
				A4D1081F154ED4EC00E73642 /* UIKit.framework in Frameworks */,
				A4D10821154ED4EC00E73642 /* Foundation.framework in Frameworks */,
				A4D10823154ED4EC00E73642 /* CoreGraphics.framework in Frameworks */,
			);
			runOnlyForDeploymentPostprocessing = 0;
		};
		A4D10837154ED4EC00E73642 /* Frameworks */ = {
			isa = PBXFrameworksBuildPhase;
			buildActionMask = 2147483647;
			files = (
				A4D1083D154ED4EC00E73642 /* SenTestingKit.framework in Frameworks */,
				A4D1083E154ED4ED00E73642 /* UIKit.framework in Frameworks */,
				A4D1083F154ED4ED00E73642 /* Foundation.framework in Frameworks */,
			);
			runOnlyForDeploymentPostprocessing = 0;
		};
/* End PBXFrameworksBuildPhase section */

/* Begin PBXGroup section */
		4C61891D16E040C0004FEE93 /* bh */ = {
			isa = PBXGroup;
			children = (
				4C61892116E040C0004FEE93 /* ChannInfo.h */,
				4C5F85B516EDBD4700D1592F /* LYTabBarViewController.h */,
				4C5F85B616EDBD4800D1592F /* LYTabBarViewController.m */,
				4C61892716E040C0004FEE93 /* LYAppDelegate.h */,
				4C61892816E040C0004FEE93 /* LYAppDelegate.m */,
				4C61892916E040C0004FEE93 /* LYCellviewCell.h */,
				4C61892A16E040C0004FEE93 /* LYCellviewCell.m */,
				4C61892B16E040C0004FEE93 /* LYChannInfoViewController.h */,
				4C61892C16E040C0004FEE93 /* LYChannInfoViewController.m */,
				4C61892D16E040C0004FEE93 /* LYChannViewController.h */,
				4C61892E16E040C0004FEE93 /* LYChannViewController.m */,
				4C61892F16E040C0004FEE93 /* LYChartView.h */,
				4C61893016E040C0004FEE93 /* LYChartView.m */,
				4C61893116E040C0004FEE93 /* LYDetailViewController.h */,
				4C61893216E040C0004FEE93 /* LYDetailViewController.m */,
				4C61893316E040C0004FEE93 /* LYLoginCell.h */,
				4C61893416E040C0004FEE93 /* LYLoginCell.m */,
				4C61893516E040C0004FEE93 /* LYNVController.h */,
				4C61893616E040C0004FEE93 /* LYNVController.m */,
				4C61893716E040C0004FEE93 /* LyPlantViewController.h */,
				4C61893816E040C0004FEE93 /* LyPlantViewController.m */,
				4C61893916E040C0004FEE93 /* LYSplashWindow.h */,
				4C61893A16E040C0004FEE93 /* LYSplashWindow.m */,
				4C61893B16E040C0004FEE93 /* LYViewController.h */,
				4C61893C16E040C0004FEE93 /* LYViewController.m */,
				4C61893D16E040C0004FEE93 /* LYWaveViewController.h */,
				4C61893E16E040C0004FEE93 /* LYWaveViewController.m */,
				4C61893F16E040C0004FEE93 /* main.m */,
				4C5F85B216ED8FFD00D1592F /* LYSegmentMsgMap.h */,
				4C5F85B316ED8FFD00D1592F /* LYSegmentMsgMap.m */,
				4C5F85B816EDD4D200D1592F /* LYSettingViewController.h */,
				4C5F85B916EDD4D400D1592F /* LYSettingViewController.m */,
				4C361CDE16EF1771007D760F /* LYFilterViewController.h */,
				4C361CDF16EF1772007D760F /* LYFilterViewController.m */,
				4C9F98FF16F0533B004179FE /* LYSelectItemViewController.h */,
				4C9F990016F0533B004179FE /* LYSelectItemViewController.m */,
			);
			path = bh;
			sourceTree = "<group>";
		};
		4C61895516E040DA004FEE93 /* BhApp */ = {
			isa = PBXGroup;
			children = (
				4C61895616E040DA004FEE93 /* LYGlobalSettings.h */,
				4C61895716E040DA004FEE93 /* LYGlobalSettings.m */,
				4C9F98FC16F019D9004179FE /* LYUtility.h */,
				4C9F98FD16F019D9004179FE /* LYUtility.m */,
			);
			name = BhApp;
			path = inc/BhApp;
			sourceTree = "<group>";
		};
		4C61899116E040F7004FEE93 /* JSON */ = {
			isa = PBXGroup;
			children = (
				4C61899216E040F7004FEE93 /* JSON.h */,
				4C61899316E040F7004FEE93 /* NSObject+SBJSON.h */,
				4C61899416E040F7004FEE93 /* NSObject+SBJSON.m */,
				4C61899516E040F7004FEE93 /* NSString+SBJSON.h */,
				4C61899616E040F7004FEE93 /* NSString+SBJSON.m */,
				4C61899716E040F7004FEE93 /* SBJSON.h */,
				4C61899816E040F7004FEE93 /* SBJSON.m */,
				4C61899916E040F7004FEE93 /* SBJsonBase.h */,
				4C61899A16E040F7004FEE93 /* SBJsonBase.m */,
				4C61899B16E040F7004FEE93 /* SBJsonParser.h */,
				4C61899C16E040F7004FEE93 /* SBJsonParser.m */,
				4C61899D16E040F7004FEE93 /* SBJsonWriter.h */,
				4C61899E16E040F7004FEE93 /* SBJsonWriter.m */,
			);
			name = JSON;
			path = Thirdparty/JSON;
			sourceTree = "<group>";
		};
		4C6189A516E04103004FEE93 /* View */ = {
			isa = PBXGroup;
			children = (
				4C6189A616E04103004FEE93 /* EGORefreshTableHeaderView.h */,
				4C6189A716E04103004FEE93 /* EGORefreshTableHeaderView.m */,
			);
			name = View;
			path = Thirdparty/View;
			sourceTree = "<group>";
		};
		4CC05B2216E0467F00521F78 /* bh */ = {
			isa = PBXGroup;
			children = (
				4CC05B2316E0467F00521F78 /* bh-Info.plist */,
			);
			path = bh;
			sourceTree = "<group>";
		};
		4CC05B2616E048EA00521F78 /* MBProgressHUD */ = {
			isa = PBXGroup;
			children = (
				4CC05B2716E048EA00521F78 /* MBProgressHUD.h */,
				4CC05B2816E048EA00521F78 /* MBProgressHUD.m */,
			);
			name = MBProgressHUD;
			path = Thirdparty/MBProgressHUD;
			sourceTree = "<group>";
		};
		4CC784D116D46E420019B95C /* lib */ = {
			isa = PBXGroup;
			children = (
				4CC784D216D46E5B0019B95C /* libCorePlot-CocoaTouch.a */,
				4C61891416DF56B7004FEE93 /* libsqlite3.dylib */,
			);
			name = lib;
			sourceTree = "<group>";
		};
		4CC784D416D46E930019B95C /* inc */ = {
			isa = PBXGroup;
			children = (
				4C61895516E040DA004FEE93 /* BhApp */,
				4CC784D616D471190019B95C /* CorePlotHeaders */,
			);
			name = inc;
			sourceTree = "<group>";
		};
		4CC784D616D471190019B95C /* CorePlotHeaders */ = {
			isa = PBXGroup;
			children = (
				4CC784D716D471190019B95C /* CorePlot-CocoaTouch.h */,
				4CC784D816D471190019B95C /* CPTAnnotation.h */,
				4CC784D916D471190019B95C /* CPTAnnotationHostLayer.h */,
				4CC784DA16D471190019B95C /* CPTAxis.h */,
				4CC784DB16D471190019B95C /* CPTAxisLabel.h */,
				4CC784DC16D471190019B95C /* CPTAxisLabelGroup.h */,
				4CC784DD16D471190019B95C /* CPTAxisSet.h */,
				4CC784DE16D471190019B95C /* CPTAxisTitle.h */,
				4CC784DF16D471190019B95C /* CPTBarPlot.h */,
				4CC784E016D471190019B95C /* CPTBorderedLayer.h */,
				4CC784E116D471190019B95C /* CPTCalendarFormatter.h */,
				4CC784E216D471190019B95C /* CPTColor.h */,
				4CC784E316D471190019B95C /* CPTColorSpace.h */,
				4CC784E416D471190019B95C /* CPTConstraints.h */,
				4CC784E516D471190019B95C /* CPTDataSourceTestCase.h */,
				4CC784E616D471190019B95C /* CPTDefinitions.h */,
				4CC784E716D471190019B95C /* CPTDerivedXYGraph.h */,
				4CC784E816D471190019B95C /* CPTExceptions.h */,
				4CC784E916D471190019B95C /* CPTFill.h */,
				4CC784EA16D471190019B95C /* CPTGradient.h */,
				4CC784EB16D471190019B95C /* CPTGraph.h */,
				4CC784EC16D471190019B95C /* CPTGraphHostingView.h */,
				4CC784ED16D471190019B95C /* CPTGridLineGroup.h */,
				4CC784EE16D471190019B95C /* CPTGridLines.h */,
				4CC784EF16D471190019B95C /* CPTImage.h */,
				4CC784F016D471190019B95C /* CPTLayer.h */,
				4CC784F116D471190019B95C /* CPTLayerAnnotation.h */,
				4CC784F216D471190019B95C /* CPTLegend.h */,
				4CC784F316D471190019B95C /* CPTLegendEntry.h */,
				4CC784F416D471190019B95C /* CPTLimitBand.h */,
				4CC784F516D471190019B95C /* CPTLineCap.h */,
				4CC784F616D471190019B95C /* CPTLineStyle.h */,
				4CC784F716D471190019B95C /* CPTMutableLineStyle.h */,
				4CC784F816D471190019B95C /* CPTMutableNumericData+TypeConversion.h */,
				4CC784F916D471190019B95C /* CPTMutableNumericData.h */,
				4CC784FA16D471190019B95C /* CPTMutablePlotRange.h */,
				4CC784FB16D471190019B95C /* CPTMutableShadow.h */,
				4CC784FC16D471190019B95C /* CPTMutableTextStyle.h */,
				4CC784FD16D471190019B95C /* CPTNumericData+TypeConversion.h */,
				4CC784FE16D471190019B95C /* CPTNumericData.h */,
				4CC784FF16D471190019B95C /* CPTNumericDataType.h */,
				4CC7850016D471190019B95C /* CPTPathExtensions.h */,
				4CC7850116D471190019B95C /* CPTPieChart.h */,
				4CC7850216D471190019B95C /* CPTPlatformSpecificCategories.h */,
				4CC7850316D471190019B95C /* CPTPlatformSpecificDefines.h */,
				4CC7850416D471190019B95C /* CPTPlatformSpecificFunctions.h */,
				4CC7850516D471190019B95C /* CPTPlot.h */,
				4CC7850616D471190019B95C /* CPTPlotArea.h */,
				4CC7850716D471190019B95C /* CPTPlotAreaFrame.h */,
				4CC7850816D471190019B95C /* CPTPlotGroup.h */,
				4CC7850916D471190019B95C /* CPTPlotRange.h */,
				4CC7850A16D471190019B95C /* CPTPlotSpace.h */,
				4CC7850B16D471190019B95C /* CPTPlotSpaceAnnotation.h */,
				4CC7850C16D471190019B95C /* CPTPlotSymbol.h */,
				4CC7850D16D471190019B95C /* CPTRangePlot.h */,
				4CC7850E16D471190019B95C /* CPTResponder.h */,
				4CC7850F16D471190019B95C /* CPTScatterPlot.h */,
				4CC7851016D471190019B95C /* CPTShadow.h */,
				4CC7851116D471190019B95C /* CPTTestCase.h */,
				4CC7851216D471190019B95C /* CPTTextLayer.h */,
				4CC7851316D471190019B95C /* CPTTextStyle.h */,
				4CC7851416D471190019B95C /* CPTTextStylePlatformSpecific.h */,
				4CC7851516D471190019B95C /* CPTTheme.h */,
				4CC7851616D471190019B95C /* CPTTimeFormatter.h */,
				4CC7851716D471190019B95C /* CPTTradingRangePlot.h */,
				4CC7851816D471190019B95C /* CPTUtilities.h */,
				4CC7851916D471190019B95C /* CPTXYAxis.h */,
				4CC7851A16D471190019B95C /* CPTXYAxisSet.h */,
				4CC7851B16D471190019B95C /* CPTXYGraph.h */,
				4CC7851C16D471190019B95C /* CPTXYPlotSpace.h */,
				4CC7851D16D471190019B95C /* mainpage.h */,
				4CC7851E16D471190019B95C /* NSCoderExtensions.h */,
				4CC7851F16D471190019B95C /* NSDecimalNumberExtensions.h */,
				4CC7852016D471190019B95C /* NSNumberExtensions.h */,
			);
			name = CorePlotHeaders;
			path = inc/CorePlotHeaders;
			sourceTree = "<group>";
		};
		4CC7852116D477110019B95C /* Thirdparty */ = {
			isa = PBXGroup;
			children = (
				4CC05B2616E048EA00521F78 /* MBProgressHUD */,
				4C6189A516E04103004FEE93 /* View */,
				4C61899116E040F7004FEE93 /* JSON */,
			);
			name = Thirdparty;
			sourceTree = "<group>";
		};
		A46A5869154FDF6900EDA973 /* Classes */ = {
			isa = PBXGroup;
			children = (
				4C61891D16E040C0004FEE93 /* bh */,
				4CC7852116D477110019B95C /* Thirdparty */,
			);
			path = Classes;
			sourceTree = "<group>";
		};
		A46A586F154FDF7400EDA973 /* Resources */ = {
			isa = PBXGroup;
			children = (
				4C29BAB416E04246006B2E41 /* MainStoryboard.storyboard */,
				4C29BAB016E0423C006B2E41 /* cell.xib */,
				4C29BAB116E0423C006B2E41 /* DetailView.xib */,
				4CC7BB4116C228F600E78C3C /* Default-568h@2x.png */,
				A4AABB4B154EF6D5007647DC /* Default@2x.png */,
				A4AABB49154EF6CF007647DC /* Default.png */,
				4C17527615D91C4F004D0A35 /* 37x-Checkmark.png */,
				4C17527715D91C4F004D0A35 /* 37x-Checkmark@2x.png */,
				A46A5871154FDF7400EDA973 /* blackArrow@2x.png */,
				A46A5872154FDF7400EDA973 /* blueArrow.png */,
				A46A5873154FDF7400EDA973 /* blueArrow@2x.png */,
				A46A5874154FDF7400EDA973 /* grayArrow.png */,
				A46A5875154FDF7400EDA973 /* grayArrow@2x.png */,
				A46A5870154FDF7400EDA973 /* blackArrow.png */,
				A46A5876154FDF7400EDA973 /* whiteArrow.png */,
				A46A5877154FDF7400EDA973 /* whiteArrow@2x.png */,
				4C61891216DF47E6004FEE93 /* loginCell.xib */,
			);
			path = Resources;
			sourceTree = "<group>";
		};
		A4D1080F154ED4EC00E73642 = {
			isa = PBXGroup;
			children = (
				4C5F85B016EADDE900D1592F /* Default-Landscape@2x~ipad.png */,
				4C5F85AE16EADDE100D1592F /* Default-Landscape~ipad.png */,
				4C5F85AC16EAD6F000D1592F /* Default-Portrait~ipad.png */,
				4C5F85AA16EAD57700D1592F /* Default-Portrait@2x~ipad.png */,
				4C54FBF916E9EDDD00A0FAA1 /* logo-144.png */,
				4C54FBF716E9ED6700A0FAA1 /* Icon-72.png */,
				4CC05B2216E0467F00521F78 /* bh */,
				4CCF789616DC5DD5001E6413 /* Icon@2x.png */,
				4CCF789416DC5DD1001E6413 /* Icon.png */,
				4CC784D416D46E930019B95C /* inc */,
				4CC784D116D46E420019B95C /* lib */,
				A46A586F154FDF7400EDA973 /* Resources */,
				A46A5869154FDF6900EDA973 /* Classes */,
				A4D10842154ED4ED00E73642 /* bhTests */,
				A4D1081D154ED4EC00E73642 /* Frameworks */,
				A4D1081B154ED4EC00E73642 /* Products */,
			);
			sourceTree = "<group>";
		};
		A4D1081B154ED4EC00E73642 /* Products */ = {
			isa = PBXGroup;
			children = (
				A4D1081A154ED4EC00E73642 /* BH.app */,
				A4D1083B154ED4EC00E73642 /* bhTests.octest */,
			);
			name = Products;
			sourceTree = "<group>";
		};
		A4D1081D154ED4EC00E73642 /* Frameworks */ = {
			isa = PBXGroup;
			children = (
				A46A5880154FE07400EDA973 /* QuartzCore.framework */,
				A4D1081E154ED4EC00E73642 /* UIKit.framework */,
				A4D10820154ED4EC00E73642 /* Foundation.framework */,
				A4D10822154ED4EC00E73642 /* CoreGraphics.framework */,
				A4D1083C154ED4EC00E73642 /* SenTestingKit.framework */,
			);
			name = Frameworks;
			sourceTree = "<group>";
		};
		A4D10842154ED4ED00E73642 /* bhTests */ = {
			isa = PBXGroup;
			children = (
				A4D10848154ED4ED00E73642 /* bhTests.h */,
				A4D10849154ED4ED00E73642 /* bhTests.m */,
				A4D10843154ED4ED00E73642 /* Supporting Files */,
			);
			path = bhTests;
			sourceTree = "<group>";
		};
		A4D10843154ED4ED00E73642 /* Supporting Files */ = {
			isa = PBXGroup;
			children = (
				A4D10844154ED4ED00E73642 /* bhTests-Info.plist */,
				A4D10845154ED4ED00E73642 /* InfoPlist.strings */,
			);
			name = "Supporting Files";
			sourceTree = "<group>";
		};
/* End PBXGroup section */

/* Begin PBXNativeTarget section */
		A4D10819154ED4EC00E73642 /* bh */ = {
			isa = PBXNativeTarget;
			buildConfigurationList = A4D1084D154ED4ED00E73642 /* Build configuration list for PBXNativeTarget "bh" */;
			buildPhases = (
				A4D10816154ED4EC00E73642 /* Sources */,
				A4D10817154ED4EC00E73642 /* Frameworks */,
				A4D10818154ED4EC00E73642 /* Resources */,
			);
			buildRules = (
			);
			dependencies = (
			);
			name = bh;
			productName = bh;
			productReference = A4D1081A154ED4EC00E73642 /* BH.app */;
			productType = "com.apple.product-type.application";
		};
		A4D1083A154ED4EC00E73642 /* bhTests */ = {
			isa = PBXNativeTarget;
			buildConfigurationList = A4D10850154ED4ED00E73642 /* Build configuration list for PBXNativeTarget "bhTests" */;
			buildPhases = (
				A4D10836154ED4EC00E73642 /* Sources */,
				A4D10837154ED4EC00E73642 /* Frameworks */,
				A4D10838154ED4EC00E73642 /* Resources */,
				A4D10839154ED4EC00E73642 /* ShellScript */,
			);
			buildRules = (
			);
			dependencies = (
				A4D10841154ED4ED00E73642 /* PBXTargetDependency */,
			);
			name = bhTests;
			productName = bhTests;
			productReference = A4D1083B154ED4EC00E73642 /* bhTests.octest */;
			productType = "com.apple.product-type.bundle";
		};
/* End PBXNativeTarget section */

/* Begin PBXProject section */
		A4D10811154ED4EC00E73642 /* Project object */ = {
			isa = PBXProject;
			attributes = {
				CLASSPREFIX = LY;
				LastUpgradeCheck = 0460;
			};
			buildConfigurationList = A4D10814154ED4EC00E73642 /* Build configuration list for PBXProject "bh" */;
			compatibilityVersion = "Xcode 3.2";
			developmentRegion = English;
			hasScannedForEncodings = 0;
			knownRegions = (
				en,
			);
			mainGroup = A4D1080F154ED4EC00E73642;
			productRefGroup = A4D1081B154ED4EC00E73642 /* Products */;
			projectDirPath = "";
			projectRoot = "";
			targets = (
				A4D10819154ED4EC00E73642 /* bh */,
				A4D1083A154ED4EC00E73642 /* bhTests */,
			);
		};
/* End PBXProject section */

/* Begin PBXResourcesBuildPhase section */
		A4D10818154ED4EC00E73642 /* Resources */ = {
			isa = PBXResourcesBuildPhase;
			buildActionMask = 2147483647;
			files = (
				A4AABB4A154EF6CF007647DC /* Default.png in Resources */,
				A4AABB4C154EF6D5007647DC /* Default@2x.png in Resources */,
				A46A5878154FDF7400EDA973 /* blackArrow.png in Resources */,
				A46A5879154FDF7400EDA973 /* blackArrow@2x.png in Resources */,
				A46A587A154FDF7400EDA973 /* blueArrow.png in Resources */,
				A46A587B154FDF7400EDA973 /* blueArrow@2x.png in Resources */,
				A46A587C154FDF7400EDA973 /* grayArrow.png in Resources */,
				A46A587D154FDF7400EDA973 /* grayArrow@2x.png in Resources */,
				A46A587E154FDF7400EDA973 /* whiteArrow.png in Resources */,
				A46A587F154FDF7400EDA973 /* whiteArrow@2x.png in Resources */,
				4C17527C15D91C4F004D0A35 /* 37x-Checkmark.png in Resources */,
				4C17527D15D91C4F004D0A35 /* 37x-Checkmark@2x.png in Resources */,
				4CC7BB4216C228F600E78C3C /* Default-568h@2x.png in Resources */,
				4CCF789516DC5DD1001E6413 /* Icon.png in Resources */,
				4CCF789716DC5DD5001E6413 /* Icon@2x.png in Resources */,
				4C61891316DF47E6004FEE93 /* loginCell.xib in Resources */,
				4C29BAB216E0423C006B2E41 /* cell.xib in Resources */,
				4C29BAB316E0423C006B2E41 /* DetailView.xib in Resources */,
				4C29BAB616E04246006B2E41 /* MainStoryboard.storyboard in Resources */,
				4C54FBF816E9ED6700A0FAA1 /* Icon-72.png in Resources */,
				4C54FBFA16E9EDDD00A0FAA1 /* logo-144.png in Resources */,
				4C5F85AB16EAD57700D1592F /* Default-Portrait@2x~ipad.png in Resources */,
				4C5F85AD16EAD6F000D1592F /* Default-Portrait~ipad.png in Resources */,
				4C5F85AF16EADDE100D1592F /* Default-Landscape~ipad.png in Resources */,
				4C5F85B116EADDE900D1592F /* Default-Landscape@2x~ipad.png in Resources */,
			);
			runOnlyForDeploymentPostprocessing = 0;
		};
		A4D10838154ED4EC00E73642 /* Resources */ = {
			isa = PBXResourcesBuildPhase;
			buildActionMask = 2147483647;
			files = (
				A4D10847154ED4ED00E73642 /* InfoPlist.strings in Resources */,
			);
			runOnlyForDeploymentPostprocessing = 0;
		};
/* End PBXResourcesBuildPhase section */

/* Begin PBXShellScriptBuildPhase section */
		A4D10839154ED4EC00E73642 /* ShellScript */ = {
			isa = PBXShellScriptBuildPhase;
			buildActionMask = 2147483647;
			files = (
			);
			inputPaths = (
			);
			outputPaths = (
			);
			runOnlyForDeploymentPostprocessing = 0;
			shellPath = /bin/sh;
			shellScript = "# Run the unit tests in this test bundle.\n\"${SYSTEM_DEVELOPER_DIR}/Tools/RunUnitTests\"\n";
		};
/* End PBXShellScriptBuildPhase section */

/* Begin PBXSourcesBuildPhase section */
		A4D10816154ED4EC00E73642 /* Sources */ = {
			isa = PBXSourcesBuildPhase;
			buildActionMask = 2147483647;
			files = (
				4C61894716E040C0004FEE93 /* LYAppDelegate.m in Sources */,
				4C61894816E040C0004FEE93 /* LYCellviewCell.m in Sources */,
				4C61894916E040C0004FEE93 /* LYChannInfoViewController.m in Sources */,
				4C61894A16E040C0004FEE93 /* LYChannViewController.m in Sources */,
				4C61894B16E040C0004FEE93 /* LYChartView.m in Sources */,
				4C61894C16E040C0004FEE93 /* LYDetailViewController.m in Sources */,
				4C61894D16E040C0004FEE93 /* LYLoginCell.m in Sources */,
				4C61894E16E040C0004FEE93 /* LYNVController.m in Sources */,
				4C61894F16E040C0004FEE93 /* LyPlantViewController.m in Sources */,
				4C61895016E040C0004FEE93 /* LYSplashWindow.m in Sources */,
				4C61895116E040C0004FEE93 /* LYViewController.m in Sources */,
				4C61895216E040C0004FEE93 /* LYWaveViewController.m in Sources */,
				4C61895316E040C0004FEE93 /* main.m in Sources */,
				4C61895816E040DA004FEE93 /* LYGlobalSettings.m in Sources */,
				4C61899F16E040F7004FEE93 /* NSObject+SBJSON.m in Sources */,
				4C6189A016E040F7004FEE93 /* NSString+SBJSON.m in Sources */,
				4C6189A116E040F7004FEE93 /* SBJSON.m in Sources */,
				4C6189A216E040F7004FEE93 /* SBJsonBase.m in Sources */,
				4C6189A316E040F7004FEE93 /* SBJsonParser.m in Sources */,
				4C6189A416E040F7004FEE93 /* SBJsonWriter.m in Sources */,
				4C6189A816E04103004FEE93 /* EGORefreshTableHeaderView.m in Sources */,
				4CC05B2916E048EA00521F78 /* MBProgressHUD.m in Sources */,
				4C5F85B416ED8FFD00D1592F /* LYSegmentMsgMap.m in Sources */,
				4C5F85B716EDBD4800D1592F /* LYTabBarViewController.m in Sources */,
				4C5F85BA16EDD4D400D1592F /* LYSettingViewController.m in Sources */,
				4C361CE016EF1773007D760F /* LYFilterViewController.m in Sources */,
				4C9F98FE16F019D9004179FE /* LYUtility.m in Sources */,
				4C9F990116F0533B004179FE /* LYSelectItemViewController.m in Sources */,
			);
			runOnlyForDeploymentPostprocessing = 0;
		};
		A4D10836154ED4EC00E73642 /* Sources */ = {
			isa = PBXSourcesBuildPhase;
			buildActionMask = 2147483647;
			files = (
				A4D1084A154ED4ED00E73642 /* bhTests.m in Sources */,
			);
			runOnlyForDeploymentPostprocessing = 0;
		};
/* End PBXSourcesBuildPhase section */

/* Begin PBXTargetDependency section */
		A4D10841154ED4ED00E73642 /* PBXTargetDependency */ = {
			isa = PBXTargetDependency;
			target = A4D10819154ED4EC00E73642 /* bh */;
			targetProxy = A4D10840154ED4ED00E73642 /* PBXContainerItemProxy */;
		};
/* End PBXTargetDependency section */

/* Begin PBXVariantGroup section */
		4C29BAB416E04246006B2E41 /* MainStoryboard.storyboard */ = {
			isa = PBXVariantGroup;
			children = (
				4C29BAB516E04246006B2E41 /* en */,
			);
			name = MainStoryboard.storyboard;
			sourceTree = "<group>";
		};
		A4D10845154ED4ED00E73642 /* InfoPlist.strings */ = {
			isa = PBXVariantGroup;
			children = (
				A4D10846154ED4ED00E73642 /* en */,
			);
			name = InfoPlist.strings;
			sourceTree = "<group>";
		};
/* End PBXVariantGroup section */

/* Begin XCBuildConfiguration section */
		A4D1084B154ED4ED00E73642 /* Debug */ = {
			isa = XCBuildConfiguration;
			buildSettings = {
				ALWAYS_SEARCH_USER_PATHS = NO;
				ARCHS = "$(ARCHS_STANDARD_32_BIT)";
				CLANG_ENABLE_OBJC_ARC = NO;
				CLANG_WARN_CONSTANT_CONVERSION = YES;
				CLANG_WARN_ENUM_CONVERSION = YES;
				CLANG_WARN_INT_CONVERSION = YES;
				CLANG_WARN__DUPLICATE_METHOD_MATCH = YES;
				CODE_SIGN_IDENTITY = "iPhone Developer";
				"CODE_SIGN_IDENTITY[sdk=iphoneos*]" = "iPhone Developer";
				COPY_PHASE_STRIP = NO;
				GCC_C_LANGUAGE_STANDARD = gnu99;
				GCC_DYNAMIC_NO_PIC = NO;
				GCC_OPTIMIZATION_LEVEL = 0;
				GCC_PREPROCESSOR_DEFINITIONS = (
					"DEBUG=1",
					"$(inherited)",
				);
				GCC_SYMBOLS_PRIVATE_EXTERN = NO;
				GCC_VERSION = com.apple.compilers.llvm.clang.1_0;
				GCC_WARN_ABOUT_RETURN_TYPE = YES;
				GCC_WARN_UNINITIALIZED_AUTOS = YES;
				GCC_WARN_UNUSED_VARIABLE = YES;
				IPHONEOS_DEPLOYMENT_TARGET = 5.0;
				ONLY_ACTIVE_ARCH = YES;
				PROVISIONING_PROFILE = "";
				"PROVISIONING_PROFILE[sdk=iphoneos*]" = "";
				SDKROOT = iphoneos;
				SKIP_INSTALL = NO;
				"USER_HEADER_SEARCH_PATHS[arch=*]" = "\"/Users/zhaodali/Downloads/CorePlot_1.0/Source/framework\"";
			};
			name = Debug;
		};
		A4D1084C154ED4ED00E73642 /* Release */ = {
			isa = XCBuildConfiguration;
			buildSettings = {
				ALWAYS_SEARCH_USER_PATHS = NO;
				ARCHS = "$(ARCHS_STANDARD_32_BIT)";
				CLANG_ENABLE_OBJC_ARC = NO;
				CLANG_WARN_CONSTANT_CONVERSION = YES;
				CLANG_WARN_ENUM_CONVERSION = YES;
				CLANG_WARN_INT_CONVERSION = YES;
				CLANG_WARN__DUPLICATE_METHOD_MATCH = YES;
				CODE_SIGN_IDENTITY = "iPhone Developer";
				"CODE_SIGN_IDENTITY[sdk=iphoneos*]" = "iPhone Developer";
				COPY_PHASE_STRIP = YES;
				GCC_C_LANGUAGE_STANDARD = gnu99;
				GCC_VERSION = com.apple.compilers.llvm.clang.1_0;
				GCC_WARN_ABOUT_RETURN_TYPE = YES;
				GCC_WARN_UNINITIALIZED_AUTOS = YES;
				GCC_WARN_UNUSED_VARIABLE = YES;
				IPHONEOS_DEPLOYMENT_TARGET = 5.0;
				ONLY_ACTIVE_ARCH = YES;
				OTHER_CFLAGS = "-DNS_BLOCK_ASSERTIONS=1";
				PROVISIONING_PROFILE = "";
				"PROVISIONING_PROFILE[sdk=iphoneos*]" = "";
				SDKROOT = iphoneos;
				SKIP_INSTALL = NO;
				"USER_HEADER_SEARCH_PATHS[arch=*]" = "\"/Users/zhaodali/Downloads/CorePlot_1.0/Source/framework\"";
				VALIDATE_PRODUCT = YES;
			};
			name = Release;
		};
		A4D1084E154ED4ED00E73642 /* Debug */ = {
			isa = XCBuildConfiguration;
			buildSettings = {
				CODE_SIGN_IDENTITY = "iPhone Developer";
				"CODE_SIGN_IDENTITY[sdk=*]" = "iPhone Developer";
				"CODE_SIGN_IDENTITY[sdk=iphoneos*]" = "iPhone Developer";
				GCC_PRECOMPILE_PREFIX_HEADER = YES;
				GCC_PREFIX_HEADER = "bh/bh-Prefix.pch";
				GCC_VERSION = "";
				GENERATE_PROFILING_CODE = YES;
				INFOPLIST_FILE = "bh/bh-Info.plist";
				IPHONEOS_DEPLOYMENT_TARGET = 5.0;
				LIBRARY_SEARCH_PATHS = (
					"$(inherited)",
					"\"$(SRCROOT)/lib\"",
				);
				ONLY_ACTIVE_ARCH = YES;
				OTHER_LDFLAGS = (
					"-ObjC",
					"-all_load",
				);
				PRODUCT_NAME = BH;
				PROVISIONING_PROFILE = "";
				"PROVISIONING_PROFILE[sdk=*]" = "";
				"PROVISIONING_PROFILE[sdk=iphoneos*]" = "";
				RUN_CLANG_STATIC_ANALYZER = YES;
				SKIP_INSTALL = NO;
				TARGETED_DEVICE_FAMILY = "1,2";
				USER_HEADER_SEARCH_PATHS = "";
				"USER_HEADER_SEARCH_PATHS[arch=*]" = "";
				WRAPPER_EXTENSION = app;
			};
			name = Debug;
		};
		A4D1084F154ED4ED00E73642 /* Release */ = {
			isa = XCBuildConfiguration;
			buildSettings = {
				CODE_SIGN_IDENTITY = "iPhone Developer";
				"CODE_SIGN_IDENTITY[sdk=iphoneos*]" = "iPhone Developer";
				COPY_PHASE_STRIP = NO;
				GCC_PRECOMPILE_PREFIX_HEADER = YES;
				GCC_PREFIX_HEADER = "bh/bh-Prefix.pch";
				GCC_VERSION = "";
				GENERATE_PROFILING_CODE = YES;
				INFOPLIST_FILE = "bh/bh-Info.plist";
				IPHONEOS_DEPLOYMENT_TARGET = 5.0;
				LIBRARY_SEARCH_PATHS = (
					"$(inherited)",
					"\"$(SRCROOT)/lib\"",
				);
				ONLY_ACTIVE_ARCH = YES;
				OTHER_LDFLAGS = (
					"-ObjC",
					"-all_load",
				);
				PRODUCT_NAME = BH;
				PROVISIONING_PROFILE = "";
				"PROVISIONING_PROFILE[sdk=iphoneos*]" = "";
				RUN_CLANG_STATIC_ANALYZER = YES;
				SKIP_INSTALL = NO;
				TARGETED_DEVICE_FAMILY = "1,2";
				USER_HEADER_SEARCH_PATHS = "";
				"USER_HEADER_SEARCH_PATHS[arch=*]" = "";
				WRAPPER_EXTENSION = app;
			};
			name = Release;
		};
		A4D10851154ED4ED00E73642 /* Debug */ = {
			isa = XCBuildConfiguration;
			buildSettings = {
				BUNDLE_LOADER = "$(BUILT_PRODUCTS_DIR)/bh.app/bh";
				FRAMEWORK_SEARCH_PATHS = (
					"$(SDKROOT)/Developer/Library/Frameworks",
					"$(DEVELOPER_LIBRARY_DIR)/Frameworks",
				);
				GCC_PRECOMPILE_PREFIX_HEADER = YES;
				GCC_PREFIX_HEADER = "bh/bh-Prefix.pch";
				INFOPLIST_FILE = "bhTests/bhTests-Info.plist";
				PRODUCT_NAME = "$(TARGET_NAME)";
				TEST_HOST = "$(BUNDLE_LOADER)";
				WRAPPER_EXTENSION = octest;
			};
			name = Debug;
		};
		A4D10852154ED4ED00E73642 /* Release */ = {
			isa = XCBuildConfiguration;
			buildSettings = {
				BUNDLE_LOADER = "$(BUILT_PRODUCTS_DIR)/bh.app/bh";
				FRAMEWORK_SEARCH_PATHS = (
					"$(SDKROOT)/Developer/Library/Frameworks",
					"$(DEVELOPER_LIBRARY_DIR)/Frameworks",
				);
				GCC_PRECOMPILE_PREFIX_HEADER = YES;
				GCC_PREFIX_HEADER = "bh/bh-Prefix.pch";
				INFOPLIST_FILE = "bhTests/bhTests-Info.plist";
				PRODUCT_NAME = "$(TARGET_NAME)";
				TEST_HOST = "$(BUNDLE_LOADER)";
				WRAPPER_EXTENSION = octest;
			};
			name = Release;
		};
/* End XCBuildConfiguration section */

/* Begin XCConfigurationList section */
		A4D10814154ED4EC00E73642 /* Build configuration list for PBXProject "bh" */ = {
			isa = XCConfigurationList;
			buildConfigurations = (
				A4D1084B154ED4ED00E73642 /* Debug */,
				A4D1084C154ED4ED00E73642 /* Release */,
			);
			defaultConfigurationIsVisible = 0;
			defaultConfigurationName = Release;
		};
		A4D1084D154ED4ED00E73642 /* Build configuration list for PBXNativeTarget "bh" */ = {
			isa = XCConfigurationList;
			buildConfigurations = (
				A4D1084E154ED4ED00E73642 /* Debug */,
				A4D1084F154ED4ED00E73642 /* Release */,
			);
			defaultConfigurationIsVisible = 0;
			defaultConfigurationName = Release;
		};
		A4D10850154ED4ED00E73642 /* Build configuration list for PBXNativeTarget "bhTests" */ = {
			isa = XCConfigurationList;
			buildConfigurations = (
				A4D10851154ED4ED00E73642 /* Debug */,
				A4D10852154ED4ED00E73642 /* Release */,
			);
			defaultConfigurationIsVisible = 0;
			defaultConfigurationName = Release;
		};
/* End XCConfigurationList section */
	};
	rootObject = A4D10811154ED4EC00E73642 /* Project object */;
}
